RESTRICTION: || (== net10.0) (== net9.0) (== netstandard2.0) (== netstandard2.1)
NUGET
  remote: https://api.nuget.org/v3/index.json
    Azure.Core (1.59) - restriction: || (== net10.0) (== net9.0) (&& (== netstandard2.0) (>= net462)) (&& (== netstandard2.0) (>= net8.0)) (&& (== netstandard2.1) (>= net462)) (&& (== netstandard2.1) (>= net8.0))
      Microsoft.Bcl.AsyncInterfaces (>= 10.0.3)
      Microsoft.Extensions.Configuration.Abstractions (>= 10.0.3)
      Microsoft.Extensions.Hosting.Abstractions (>= 10.0.3)
      Microsoft.Identity.Client (>= 4.84.2)
      Microsoft.Identity.Client.Extensions.Msal (>= 4.84.2)
      System.ClientModel (>= 1.14)
      System.Diagnostics.DiagnosticSource (>= 10.0.3) - restriction: || (&& (== net10.0) (>= net462)) (&& (== net10.0) (< net8.0)) (== net9.0) (== netstandard2.0) (== netstandard2.1)
      System.Memory.Data (>= 10.0.3)
      System.Text.Encodings.Web (>= 10.0.3) - restriction: || (&& (== net10.0) (>= net462)) (&& (== net10.0) (< net8.0)) (== net9.0) (== netstandard2.0) (== netstandard2.1)
      System.Text.Json (>= 10.0.3) - restriction: || (&& (== net10.0) (>= net462)) (&& (== net10.0) (< net8.0)) (== net9.0) (== netstandard2.0) (== netstandard2.1)
    Azure.Monitor.OpenTelemetry.Exporter (1.8.1) - restriction: || (== net10.0) (== net9.0) (&& (== netstandard2.0) (>= net462)) (&& (== netstandard2.0) (>= net8.0)) (&& (== netstandard2.1) (>= net462)) (&& (== netstandard2.1) (>= net8.0))
      Azure.Core (>= 1.56)
      OpenTelemetry.Extensions.Hosting (>= 1.15.3)
      OpenTelemetry.PersistentStorage.FileSystem (>= 1.0.3)
    FSharp.Core (8.0.403)
    FsUnit (7.1.1)
      FSharp.Core (>= 5.0.2)
      NUnit (>= 4.0.1)
    Microsoft.ApplicationInsights (3.1.2) - restriction: || (== net10.0) (== net9.0) (&& (== netstandard2.0) (>= net462)) (&& (== netstandard2.0) (>= net8.0)) (&& (== netstandard2.1) (>= net462)) (&& (== netstandard2.1) (>= net8.0))
      Azure.Monitor.OpenTelemetry.Exporter (>= 1.8)
    Microsoft.Bcl.AsyncInterfaces (10.0.9) - restriction: || (== net10.0) (== net9.0) (&& (== netstandard2.0) (>= net462)) (&& (== netstandard2.0) (>= net8.0)) (&& (== netstandard2.1) (>= net462)) (&& (== netstandard2.1) (>= net8.0))
    Microsoft.CodeCoverage (18.6) - restriction: || (== net10.0) (== net9.0) (&& (== netstandard2.0) (>= net462)) (&& (== netstandard2.0) (>= net8.0)) (&& (== netstandard2.1) (>= net462)) (&& (== netstandard2.1) (>= net8.0))
    Microsoft.Extensions.Configuration (10.0.9) - restriction: || (== net10.0) (== net9.0) (&& (== netstandard2.0) (>= net462)) (&& (== netstandard2.0) (>= net8.0)) (&& (== netstandard2.0) (>= net9.0)) (&& (== netstandard2.1) (>= net462)) (&& (== netstandard2.1) (>= net8.0)) (&& (== netstandard2.1) (>= net9.0))
      Microsoft.Extensions.Configuration.Abstractions (>= 10.0.9)
      Microsoft.Extensions.Primitives (>= 10.0.9)
    Microsoft.Extensions.Configuration.Abstractions (10.0.9) - restriction: || (== net10.0) (== net9.0) (&& (== netstandard2.0) (>= net462)) (&& (== netstandard2.0) (>= net8.0)) (&& (== netstandard2.1) (>= net462)) (&& (== netstandard2.1) (>= net8.0))
      Microsoft.Extensions.Primitives (>= 10.0.9)
    Microsoft.Extensions.Configuration.Binder (10.0.9) - restriction: || (== net10.0) (== net9.0) (&& (== netstandard2.0) (>= net462)) (&& (== netstandard2.0) (>= net8.0)) (&& (== netstandard2.0) (>= net9.0)) (&& (== netstandard2.1) (>= net462)) (&& (== netstandard2.1) (>= net8.0)) (&& (== netstandard2.1) (>= net9.0))
      Microsoft.Extensions.Configuration (>= 10.0.9)
      Microsoft.Extensions.Configuration.Abstractions (>= 10.0.9)
    Microsoft.Extensions.DependencyInjection (10.0.9) - restriction: || (== net10.0) (== net9.0) (&& (== netstandard2.0) (>= net462)) (&& (== netstandard2.0) (>= net8.0)) (&& (== netstandard2.0) (>= net9.0)) (&& (== netstandard2.1) (>= net462)) (&& (== netstandard2.1) (>= net8.0)) (&& (== netstandard2.1) (>= net9.0))
      Microsoft.Extensions.DependencyInjection.Abstractions (>= 10.0.9)
    Microsoft.Extensions.DependencyInjection.Abstractions (10.0.9) - restriction: || (== net10.0) (== net9.0) (&& (== netstandard2.0) (>= net462)) (&& (== netstandard2.0) (>= net8.0)) (&& (== netstandard2.1) (>= net462)) (&& (== netstandard2.1) (>= net8.0))
    Microsoft.Extensions.DependencyModel (10.0.9) - restriction: || (== net10.0) (== net9.0) (&& (== netstandard2.0) (>= net8.0)) (&& (== netstandard2.1) (>= net8.0))
      System.Text.Encodings.Web (>= 10.0.9) - restriction: || (&& (== net10.0) (>= net462)) (&& (== net10.0) (< net8.0)) (&& (== net10.0) (< net9.0)) (== net9.0) (== netstandard2.0) (== netstandard2.1)
      System.Text.Json (>= 10.0.9) - restriction: || (&& (== net10.0) (>= net462)) (&& (== net10.0) (< net8.0)) (&& (== net10.0) (< net9.0)) (== net9.0) (== netstandard2.0) (== netstandard2.1)
    Microsoft.Extensions.Diagnostics.Abstractions (10.0.9) - restriction: || (== net10.0) (== net9.0) (&& (== netstandard2.0) (>= net462)) (&& (== netstandard2.0) (>= net8.0)) (&& (== netstandard2.1) (>= net462)) (&& (== netstandard2.1) (>= net8.0))
      Microsoft.Extensions.DependencyInjection.Abstractions (>= 10.0.9)
      Microsoft.Extensions.Options (>= 10.0.9)
      System.Diagnostics.DiagnosticSource (>= 10.0.9) - restriction: || (&& (== net10.0) (>= net462)) (&& (== net10.0) (< net8.0)) (&& (== net10.0) (< net9.0)) (== net9.0) (== netstandard2.0) (== netstandard2.1)
    Microsoft.Extensions.FileProviders.Abstractions (10.0.9) - restriction: || (== net10.0) (== net9.0) (&& (== netstandard2.0) (>= net462)) (&& (== netstandard2.0) (>= net8.0)) (&& (== netstandard2.1) (>= net462)) (&& (== netstandard2.1) (>= net8.0))
      Microsoft.Extensions.Primitives (>= 10.0.9)
    Microsoft.Extensions.Hosting.Abstractions (10.0.9) - restriction: || (== net10.0) (== net9.0) (&& (== netstandard2.0) (>= net462)) (&& (== netstandard2.0) (>= net8.0)) (&& (== netstandard2.1) (>= net462)) (&& (== netstandard2.1) (>= net8.0))
      Microsoft.Extensions.Configuration.Abstractions (>= 10.0.9)
      Microsoft.Extensions.DependencyInjection.Abstractions (>= 10.0.9)
      Microsoft.Extensions.Diagnostics.Abstractions (>= 10.0.9)
      Microsoft.Extensions.FileProviders.Abstractions (>= 10.0.9)
      Microsoft.Extensions.Logging.Abstractions (>= 10.0.9)
    Microsoft.Extensions.Logging (10.0.9) - restriction: || (== net10.0) (== net9.0) (&& (== netstandard2.0) (>= net462)) (&& (== netstandard2.0) (>= net8.0)) (&& (== netstandard2.0) (>= net9.0)) (&& (== netstandard2.1) (>= net462)) (&& (== netstandard2.1) (>= net8.0)) (&& (== netstandard2.1) (>= net9.0))
      Microsoft.Extensions.DependencyInjection (>= 10.0.9)
      Microsoft.Extensions.Logging.Abstractions (>= 10.0.9)
      Microsoft.Extensions.Options (>= 10.0.9)
    Microsoft.Extensions.Logging.Abstractions (10.0.9) - restriction: || (== net10.0) (== net9.0) (&& (== netstandard2.0) (>= net462)) (&& (== netstandard2.0) (>= net8.0)) (&& (== netstandard2.1) (>= net462)) (&& (== netstandard2.1) (>= net8.0))
      Microsoft.Extensions.DependencyInjection.Abstractions (>= 10.0.9)
      System.Diagnostics.DiagnosticSource (>= 10.0.9) - restriction: || (&& (== net10.0) (>= net462)) (&& (== net10.0) (< net8.0)) (&& (== net10.0) (< net9.0)) (== net9.0) (== netstandard2.0) (== netstandard2.1)
    Microsoft.Extensions.Logging.Configuration (10.0.9) - restriction: || (== net10.0) (== net9.0) (&& (== netstandard2.0) (>= net462)) (&& (== netstandard2.0) (>= net8.0)) (&& (== netstandard2.0) (>= net9.0)) (&& (== netstandard2.1) (>= net462)) (&& (== netstandard2.1) (>= net8.0)) (&& (== netstandard2.1) (>= net9.0))
      Microsoft.Extensions.Configuration (>= 10.0.9)
      Microsoft.Extensions.Configuration.Abstractions (>= 10.0.9)
      Microsoft.Extensions.Configuration.Binder (>= 10.0.9)
      Microsoft.Extensions.DependencyInjection.Abstractions (>= 10.0.9)
      Microsoft.Extensions.Logging (>= 10.0.9)
      Microsoft.Extensions.Logging.Abstractions (>= 10.0.9)
      Microsoft.Extensions.Options (>= 10.0.9)
      Microsoft.Extensions.Options.ConfigurationExtensions (>= 10.0.9)
    Microsoft.Extensions.Options (10.0.9) - restriction: || (== net10.0) (== net9.0) (&& (== netstandard2.0) (>= net462)) (&& (== netstandard2.0) (>= net8.0)) (&& (== netstandard2.1) (>= net462)) (&& (== netstandard2.1) (>= net8.0))
      Microsoft.Extensions.DependencyInjection.Abstractions (>= 10.0.9)
      Microsoft.Extensions.Primitives (>= 10.0.9)
    Microsoft.Extensions.Options.ConfigurationExtensions (10.0.9) - restriction: || (== net10.0) (== net9.0) (&& (== netstandard2.0) (>= net462)) (&& (== netstandard2.0) (>= net8.0)) (&& (== netstandard2.0) (>= net9.0)) (&& (== netstandard2.1) (>= net462)) (&& (== netstandard2.1) (>= net8.0)) (&& (== netstandard2.1) (>= net9.0))
      Microsoft.Extensions.Configuration.Abstractions (>= 10.0.9)
      Microsoft.Extensions.Configuration.Binder (>= 10.0.9)
      Microsoft.Extensions.DependencyInjection.Abstractions (>= 10.0.9)
      Microsoft.Extensions.Options (>= 10.0.9)
      Microsoft.Extensions.Primitives (>= 10.0.9)
    Microsoft.Extensions.Primitives (10.0.9) - restriction: || (== net10.0) (== net9.0) (&& (== netstandard2.0) (>= net462)) (&& (== netstandard2.0) (>= net8.0)) (&& (== netstandard2.1) (>= net462)) (&& (== netstandard2.1) (>= net8.0))
    Microsoft.Identity.Client (4.84.2) - restriction: || (== net10.0) (== net9.0) (&& (== netstandard2.0) (>= net462)) (&& (== netstandard2.0) (>= net8.0)) (&& (== netstandard2.1) (>= net462)) (&& (== netstandard2.1) (>= net8.0))
      Microsoft.IdentityModel.Abstractions (>= 8.14)
      System.Diagnostics.DiagnosticSource (>= 6.0.1)
    Microsoft.Identity.Client.Extensions.Msal (4.84.2) - restriction: || (== net10.0) (== net9.0) (&& (== netstandard2.0) (>= net462)) (&& (== netstandard2.0) (>= net8.0)) (&& (== netstandard2.1) (>= net462)) (&& (== netstandard2.1) (>= net8.0))
      Microsoft.Identity.Client (>= 4.84.2)
      System.Security.Cryptography.ProtectedData (>= 4.5)
    Microsoft.IdentityModel.Abstractions (8.19.1) - restriction: || (== net10.0) (== net9.0) (&& (== netstandard2.0) (>= net462)) (&& (== netstandard2.0) (>= net8.0)) (&& (== netstandard2.1) (>= net462)) (&& (== netstandard2.1) (>= net8.0))
    Microsoft.NET.Test.Sdk (18.6)
      Microsoft.CodeCoverage (>= 18.6) - restriction: || (== net10.0) (== net9.0) (&& (== netstandard2.0) (>= net462)) (&& (== netstandard2.0) (>= net8.0)) (&& (== netstandard2.1) (>= net462)) (&& (== netstandard2.1) (>= net8.0))
      Microsoft.TestPlatform.TestHost (>= 18.6) - restriction: || (== net10.0) (== net9.0) (&& (== netstandard2.0) (>= net8.0)) (&& (== netstandard2.1) (>= net8.0))
    Microsoft.Testing.Extensions.Telemetry (2.2.3) - restriction: || (== net10.0) (== net9.0) (&& (== netstandard2.0) (>= net462)) (&& (== netstandard2.0) (>= net8.0)) (&& (== netstandard2.1) (>= net462)) (&& (== netstandard2.1) (>= net8.0))
      Microsoft.ApplicationInsights (>= 2.23)
      Microsoft.Testing.Platform (>= 2.2.3)
    Microsoft.Testing.Extensions.TrxReport.Abstractions (2.2.3) - restriction: || (== net10.0) (== net9.0) (&& (== netstandard2.0) (>= net462)) (&& (== netstandard2.0) (>= net8.0)) (&& (== netstandard2.1) (>= net462)) (&& (== netstandard2.1) (>= net8.0))
      Microsoft.Testing.Platform (>= 2.2.3)
    Microsoft.Testing.Extensions.VSTestBridge (2.2.3) - restriction: || (== net10.0) (== net9.0) (&& (== netstandard2.0) (>= net462)) (&& (== netstandard2.0) (>= net8.0)) (&& (== netstandard2.1) (>= net462)) (&& (== netstandard2.1) (>= net8.0))
      Microsoft.Testing.Extensions.Telemetry (>= 2.2.3)
      Microsoft.Testing.Extensions.TrxReport.Abstractions (>= 2.2.3)
      Microsoft.Testing.Platform (>= 2.2.3)
      Microsoft.TestPlatform.ObjectModel (>= 18.3)
    Microsoft.Testing.Platform (2.2.3) - restriction: || (== net10.0) (== net9.0) (&& (== netstandard2.0) (>= net462)) (&& (== netstandard2.0) (>= net8.0)) (&& (== netstandard2.1) (>= net462)) (&& (== netstandard2.1) (>= net8.0))
    Microsoft.Testing.Platform.MSBuild (2.2.3) - restriction: || (== net10.0) (== net9.0) (&& (== netstandard2.0) (>= net462)) (&& (== netstandard2.0) (>= net8.0)) (&& (== netstandard2.1) (>= net462)) (&& (== netstandard2.1) (>= net8.0))
      Microsoft.Testing.Platform (>= 2.2.3)
    Microsoft.TestPlatform.ObjectModel (18.6) - restriction: || (== net10.0) (== net9.0) (&& (== netstandard2.0) (>= net8.0)) (&& (== netstandard2.1) (>= net8.0))
      System.Reflection.Metadata (>= 8.0)
    Microsoft.TestPlatform.TestHost (18.6) - restriction: || (== net10.0) (== net9.0) (&& (== netstandard2.0) (>= net8.0)) (&& (== netstandard2.1) (>= net8.0))
      Microsoft.TestPlatform.ObjectModel (>= 18.6) - restriction: || (== net10.0) (== net9.0) (&& (== netstandard2.0) (>= net8.0)) (&& (== netstandard2.1) (>= net8.0))
      Newtonsoft.Json (>= 13.0.3) - restriction: || (== net10.0) (== net9.0) (&& (== netstandard2.0) (>= net8.0)) (&& (== netstandard2.1) (>= net8.0))
    Newtonsoft.Json (13.0.4) - restriction: || (== net10.0) (== net9.0) (&& (== netstandard2.0) (>= net8.0)) (&& (== netstandard2.1) (>= net8.0))
    NUnit (4.6.1)
    NUnit.Analyzers (4.14)
    NUnit3TestAdapter (6.2)
      Microsoft.Extensions.DependencyModel (>= 8.0.2) - restriction: || (== net10.0) (== net9.0) (&& (== netstandard2.0) (>= net8.0)) (&& (== netstandard2.1) (>= net8.0))
      Microsoft.Testing.Extensions.VSTestBridge (>= 2.1) - restriction: || (== net10.0) (== net9.0) (&& (== netstandard2.0) (>= net462)) (&& (== netstandard2.0) (>= net8.0)) (&& (== netstandard2.1) (>= net462)) (&& (== netstandard2.1) (>= net8.0))
      Microsoft.Testing.Platform.MSBuild (>= 2.1) - restriction: || (== net10.0) (== net9.0) (&& (== netstandard2.0) (>= net462)) (&& (== netstandard2.0) (>= net8.0)) (&& (== netstandard2.1) (>= net462)) (&& (== netstandard2.1) (>= net8.0))
    OpenTelemetry (1.16) - restriction: || (== net10.0) (== net9.0) (&& (== netstandard2.0) (>= net462)) (&& (== netstandard2.0) (>= net8.0)) (&& (== netstandard2.1) (>= net462)) (&& (== netstandard2.1) (>= net8.0))
      Microsoft.Extensions.Diagnostics.Abstractions (>= 9.0) - restriction: || (&& (== net10.0) (== netstandard2.0)) (&& (== net10.0) (== netstandard2.1)) (== net9.0) (&& (== netstandard2.0) (>= net9.0)) (&& (== netstandard2.1) (>= net9.0))
      Microsoft.Extensions.Diagnostics.Abstractions (>= 10.0) - restriction: || (== net10.0) (&& (== net9.0) (>= net10.0)) (&& (== net9.0) (>= net462)) (&& (== net9.0) (< net8.0)) (&& (== net9.0) (< netstandard2.1)) (== netstandard2.0) (== netstandard2.1)
      Microsoft.Extensions.Logging.Configuration (>= 9.0) - restriction: || (&& (== net10.0) (== netstandard2.0)) (&& (== net10.0) (== netstandard2.1)) (== net9.0) (&& (== netstandard2.0) (>= net9.0)) (&& (== netstandard2.1) (>= net9.0))
      Microsoft.Extensions.Logging.Configuration (>= 10.0) - restriction: || (== net10.0) (&& (== net9.0) (>= net10.0)) (&& (== net9.0) (>= net462)) (&& (== net9.0) (< net8.0)) (&& (== net9.0) (< netstandard2.1)) (== netstandard2.0) (== netstandard2.1)
      OpenTelemetry.Api.ProviderBuilderExtensions (>= 1.16)
    OpenTelemetry.Api (1.16) - restriction: || (== net10.0) (== net9.0) (&& (== netstandard2.0) (>= net462)) (&& (== netstandard2.0) (>= net8.0)) (&& (== netstandard2.1) (>= net462)) (&& (== netstandard2.1) (>= net8.0))
      System.Diagnostics.DiagnosticSource (>= 10.0) - restriction: || (&& (== net10.0) (>= net462)) (&& (== net10.0) (< net8.0)) (&& (== net10.0) (< net9.0)) (== net9.0) (== netstandard2.0) (== netstandard2.1)
    OpenTelemetry.Api.ProviderBuilderExtensions (1.16) - restriction: || (== net10.0) (== net9.0) (&& (== netstandard2.0) (>= net462)) (&& (== netstandard2.0) (>= net8.0)) (&& (== netstandard2.1) (>= net462)) (&& (== netstandard2.1) (>= net8.0))
      Microsoft.Extensions.DependencyInjection.Abstractions (>= 9.0) - restriction: || (&& (== net10.0) (== netstandard2.0)) (&& (== net10.0) (== netstandard2.1)) (== net9.0) (&& (== netstandard2.0) (>= net9.0)) (&& (== netstandard2.1) (>= net9.0))
      Microsoft.Extensions.DependencyInjection.Abstractions (>= 10.0) - restriction: || (== net10.0) (&& (== net9.0) (>= net10.0)) (&& (== net9.0) (>= net462)) (&& (== net9.0) (< net8.0)) (== netstandard2.0) (== netstandard2.1)
      OpenTelemetry.Api (>= 1.16)
    OpenTelemetry.Extensions.Hosting (1.16) - restriction: || (== net10.0) (== net9.0) (&& (== netstandard2.0) (>= net462)) (&& (== netstandard2.0) (>= net8.0)) (&& (== netstandard2.1) (>= net462)) (&& (== netstandard2.1) (>= net8.0))
      Microsoft.Extensions.Hosting.Abstractions (>= 9.0) - restriction: || (&& (== net10.0) (== netstandard2.0)) (&& (== net10.0) (== netstandard2.1)) (== net9.0) (&& (== netstandard2.0) (>= net9.0)) (&& (== netstandard2.1) (>= net9.0))
      Microsoft.Extensions.Hosting.Abstractions (>= 10.0) - restriction: || (== net10.0) (&& (== net9.0) (>= net10.0)) (&& (== net9.0) (>= net462)) (&& (== net9.0) (< net8.0)) (== netstandard2.0) (== netstandard2.1)
      OpenTelemetry (>= 1.16)
    OpenTelemetry.PersistentStorage.Abstractions (1.1) - restriction: || (== net10.0) (== net9.0) (&& (== netstandard2.0) (>= net462)) (&& (== netstandard2.0) (>= net8.0)) (&& (== netstandard2.1) (>= net462)) (&& (== netstandard2.1) (>= net8.0))
    OpenTelemetry.PersistentStorage.FileSystem (1.1) - restriction: || (== net10.0) (== net9.0) (&& (== netstandard2.0) (>= net462)) (&& (== netstandard2.0) (>= net8.0)) (&& (== netstandard2.1) (>= net462)) (&& (== netstandard2.1) (>= net8.0))
      OpenTelemetry.PersistentStorage.Abstractions (>= 1.1)
    System.ClientModel (1.14) - restriction: || (== net10.0) (== net9.0) (&& (== netstandard2.0) (>= net462)) (&& (== netstandard2.0) (>= net8.0)) (&& (== netstandard2.1) (>= net462)) (&& (== netstandard2.1) (>= net8.0))
      Microsoft.Extensions.Configuration.Abstractions (>= 10.0.3)
      Microsoft.Extensions.Hosting.Abstractions (>= 10.0.3)
      Microsoft.Extensions.Logging.Abstractions (>= 10.0.3)
      System.Diagnostics.DiagnosticSource (>= 10.0.3) - restriction: || (&& (== net10.0) (< net8.0)) (&& (== net10.0) (< net9.0)) (== net9.0) (== netstandard2.0) (== netstandard2.1)
      System.Memory.Data (>= 10.0.3)
      System.Text.Json (>= 10.0.3) - restriction: || (&& (== net10.0) (< net8.0)) (&& (== net10.0) (< net9.0)) (== net9.0) (== netstandard2.0) (== netstandard2.1)
    System.Collections.Immutable (10.0.9) - restriction: || (&& (== net10.0) (== netstandard2.0)) (&& (== net10.0) (== netstandard2.1)) (&& (== net10.0) (>= net462)) (&& (== net10.0) (< net8.0)) (&& (== net10.0) (< net9.0)) (== net9.0) (&& (== netstandard2.0) (>= net8.0)) (&& (== netstandard2.0) (>= net9.0)) (&& (== netstandard2.1) (>= net8.0)) (&& (== netstandard2.1) (>= net9.0))
    System.Diagnostics.DiagnosticSource (10.0.9) - restriction: || (== net10.0) (== net9.0) (&& (== netstandard2.0) (>= net462)) (&& (== netstandard2.0) (>= net8.0)) (&& (== netstandard2.0) (>= net9.0)) (&& (== netstandard2.1) (>= net462)) (&& (== netstandard2.1) (>= net8.0)) (&& (== netstandard2.1) (>= net9.0))
    System.IO.Pipelines (10.0.9) - restriction: || (&& (== net10.0) (== netstandard2.0)) (&& (== net10.0) (== netstandard2.1)) (&& (== net10.0) (>= net462)) (&& (== net10.0) (< net8.0)) (&& (== net10.0) (< net9.0)) (== net9.0) (&& (== netstandard2.0) (>= net8.0)) (&& (== netstandard2.0) (>= net9.0)) (&& (== netstandard2.1) (>= net8.0)) (&& (== netstandard2.1) (>= net9.0))
    System.Memory.Data (10.0.9) - restriction: || (== net10.0) (== net9.0) (&& (== netstandard2.0) (>= net462)) (&& (== netstandard2.0) (>= net8.0)) (&& (== netstandard2.1) (>= net462)) (&& (== netstandard2.1) (>= net8.0))
      System.Text.Json (>= 10.0.9) - restriction: || (&& (== net10.0) (>= net462)) (&& (== net10.0) (< net8.0)) (&& (== net10.0) (< net9.0)) (== net9.0) (== netstandard2.0) (== netstandard2.1)
    System.Reflection.Metadata (10.0.9) - restriction: || (== net10.0) (== net9.0) (&& (== netstandard2.0) (>= net8.0)) (&& (== netstandard2.1) (>= net8.0))
      System.Collections.Immutable (>= 10.0.9) - restriction: || (&& (== net10.0) (>= net462)) (&& (== net10.0) (< net8.0)) (&& (== net10.0) (< net9.0)) (== net9.0) (== netstandard2.0) (== netstandard2.1)
    System.Security.Cryptography.ProtectedData (10.0.9) - restriction: || (== net10.0) (== net9.0) (&& (== netstandard2.0) (>= net462)) (&& (== netstandard2.0) (>= net8.0)) (&& (== netstandard2.1) (>= net462)) (&& (== netstandard2.1) (>= net8.0))
    System.Text.Encodings.Web (10.0.9) - restriction: || (&& (== net10.0) (== netstandard2.0)) (&& (== net10.0) (== netstandard2.1)) (&& (== net10.0) (>= net462)) (&& (== net10.0) (< net8.0)) (&& (== net10.0) (< net9.0)) (== net9.0) (&& (== netstandard2.0) (>= net8.0)) (&& (== netstandard2.0) (>= net9.0)) (&& (== netstandard2.1) (>= net8.0)) (&& (== netstandard2.1) (>= net9.0))
    System.Text.Json (10.0.9) - restriction: || (&& (== net10.0) (== netstandard2.0)) (&& (== net10.0) (== netstandard2.1)) (&& (== net10.0) (>= net462)) (&& (== net10.0) (< net8.0)) (&& (== net10.0) (< net9.0)) (== net9.0) (&& (== netstandard2.0) (>= net8.0)) (&& (== netstandard2.0) (>= net9.0)) (&& (== netstandard2.1) (>= net8.0)) (&& (== netstandard2.1) (>= net9.0))
      System.IO.Pipelines (>= 10.0.9) - restriction: || (&& (== net10.0) (>= net462)) (&& (== net10.0) (< net8.0)) (&& (== net10.0) (< net9.0)) (== net9.0) (== netstandard2.0) (== netstandard2.1)
      System.Text.Encodings.Web (>= 10.0.9) - restriction: || (&& (== net10.0) (>= net462)) (&& (== net10.0) (< net8.0)) (&& (== net10.0) (< net9.0)) (== net9.0) (== netstandard2.0) (== netstandard2.1)
